
Microsoft Visual Studio Solution File, Format Version 12.00
# Visual Studio Version 16
VisualStudioVersion = 16.0.29728.190
MinimumVisualStudioVersion = 10.0.40219.1
Project("{FAE04EC0-301F-11D3-BF4B-00C04F79EFBC}") = "FileService", "FileService\FileService.csproj", "{517AFE42-6FAC-4281-BFD8-4F30DDBECCE1}"
EndProject
Global
	GlobalSection(SolutionConfigurationPlatforms) = preSolution
		Debug|Any CPU = Debug|Any CPU
		Release|Any CPU = Release|Any CPU
	EndGlobalSection
	GlobalSection(ProjectConfigurationPlatforms) = postSolution
		{517AFE42-6FAC-4281-BFD8-4F30DDBECCE1}.Debug|Any CPU.ActiveCfg = Debug|Any CPU
		{517AFE42-6FAC-4281-BFD8-4F30DDBECCE1}.Debug|Any CPU.Build.0 = Debug|Any CPU
		{517AFE42-6FAC-4281-BFD8-4F30DDBECCE1}.Release|Any CPU.ActiveCfg = Release|Any CPU
		{517AFE42-6FAC-4281-BFD8-4F30DDBECCE1}.Release|Any CPU.Build.0 = Release|Any CPU
	EndGlobalSection
	GlobalSection(SolutionProperties) = preSolution
		HideSolutionNode = FALSE
	EndGlobalSection
	GlobalSection(ExtensibilityGlobals) = postSolution
		SolutionGuid = {0EF835AD-60E5-4B78-A991-DF5BF5EA879B}
	EndGlobalSection
EndGlobal
